Microsoft Visual Studio Solution File, Format Version 12.00
# Visual Studio Version 17
VisualStudioVersion = 17.5.2.0
MinimumVisualStudioVersion = 10.0.40219.1
Project("{2150E333-8FDC-42A3-9474-1A3956D46DE8}") = "languages", "languages", "{1C2492E6-07D6-3755-945F-6FD68363DF81}"
EndProject
Project("{2150E333-8FDC-42A3-9474-1A3956D46DE8}") = "csharp", "csharp", "{683FD511-F176-D19A-2E84-A7FCEC12FB0B}"
EndProject
Project("{2150E333-8FDC-42A3-9474-1A3956D46DE8}") = "assessments", "assessments", "{33A7EE0E-669E-BD5E-FDDF-BAA520339C75}"
EndProject
Project("{2150E333-8FDC-42A3-9474-1A3956D46DE8}") = "01-foundations", "01-foundations", "{8A46C166-22E5-7381-4E98-242BDED4677B}"
EndProject
Project("{FAE04EC0-301F-11D3-BF4B-00C04F79EFBC}") = "assessment-01-foundations", "languages\csharp\assessments\01-foundations\assessment-01-foundations.csproj", "{1B857A5E-D758-7587-981F-22EA6B7EF65B}"
EndProject
Project("{2150E333-8FDC-42A3-9474-1A3956D46DE8}") = "02-core", "02-core", "{01223AB7-4A2D-FFB1-7523-10CCFFD662BD}"
EndProject
Project("{FAE04EC0-301F-11D3-BF4B-00C04F79EFBC}") = "assessment-02-core", "languages\csharp\assessments\02-core\assessment-02-core.csproj", "{D55CBC70-862E-6BA5-2B51-BC57FCFA7219}"
EndProject
Project("{2150E333-8FDC-42A3-9474-1A3956D46DE8}") = "projects", "projects", "{B319A21B-84DE-523B-A850-CF8E6A1C37CB}"
EndProject
Project("{2150E333-8FDC-42A3-9474-1A3956D46DE8}") = "01-foundations", "01-foundations", "{A60AB712-B656-E8F1-2C25-3248B0791997}"
EndProject
Project("{FAE04EC0-301F-11D3-BF4B-00C04F79EFBC}") = "foundations-project", "languages\csharp\projects\01-foundations\foundations-project.csproj", "{05189A1C-299D-BACE-01BB-DBAE88068B8E}"
EndProject
Project("{2150E333-8FDC-42A3-9474-1A3956D46DE8}") = "02-core", "02-core", "{2643C9C3-F44A-BB51-E010-45A571C4C68A}"
EndProject
Project("{FAE04EC0-301F-11D3-BF4B-00C04F79EFBC}") = "core-project", "languages\csharp\projects\02-core\core-project.csproj", "{0A45F106-D5D6-B286-F1B0-6A393F7A1A35}"
EndProject
Project("{2150E333-8FDC-42A3-9474-1A3956D46DE8}") = "01-foundations", "01-foundations", "{8CA29FA3-3560-32E8-4D29-DFA723E019DF}"
EndProject
Project("{2150E333-8FDC-42A3-9474-1A3956D46DE8}") = "arrays-and-vectors", "arrays-and-vectors", "{6061100D-A0FB-CE41-BFA3-520199F98DBF}"
EndProject
Project("{2150E333-8FDC-42A3-9474-1A3956D46DE8}") = "example", "example", "{C9363CB3-9150-2E76-76FC-BB54D4953C17}"
EndProject
Project("{FAE04EC0-301F-11D3-BF4B-00C04F79EFBC}") = "arrays-and-vectors-example", "languages\csharp\01-foundations\arrays-and-vectors\example\arrays-and-vectors-example.csproj", "{B9CB2E88-0D8E-1779-18D4-BA5972025051}"
EndProject
Project("{2150E333-8FDC-42A3-9474-1A3956D46DE8}") = "control-flow", "control-flow", "{C70621F6-C194-6DE4-4553-1C57C253E962}"
EndProject
Project("{2150E333-8FDC-42A3-9474-1A3956D46DE8}") = "example", "example", "{91834711-ABA5-0B23-D41A-7C5FF6BB5BB6}"
EndProject
Project("{FAE04EC0-301F-11D3-BF4B-00C04F79EFBC}") = "control-flow-example", "languages\csharp\01-foundations\control-flow\example\control-flow-example.csproj", "{CEEFF1A0-DD55-6203-33AB-DFB7C5ABAC50}"
EndProject
Project("{2150E333-8FDC-42A3-9474-1A3956D46DE8}") = "formatted-output-and-iomanip", "formatted-output-and-iomanip", "{50F263B8-3C68-7118-BC6B-FCF7EADD5E35}"
EndProject
Project("{2150E333-8FDC-42A3-9474-1A3956D46DE8}") = "example", "example", "{9C3B6BEF-F703-1EAF-D3F3-117766ECD39A}"
EndProject
Project("{FAE04EC0-301F-11D3-BF4B-00C04F79EFBC}") = "formatted-output-and-iomanip-example", "languages\csharp\01-foundations\formatted-output-and-iomanip\example\formatted-output-and-iomanip-example.csproj", "{C1455E34-8D83-1B51-F73B-8B04A86EE747}"
EndProject
Project("{2150E333-8FDC-42A3-9474-1A3956D46DE8}") = "functions", "functions", "{E961FC49-6D81-1CAF-8688-812B26CA64B2}"
EndProject
Project("{2150E333-8FDC-42A3-9474-1A3956D46DE8}") = "example", "example", "{D879E238-9707-843F-3E99-F5708BA7DC6F}"
EndProject
Project("{FAE04EC0-301F-11D3-BF4B-00C04F79EFBC}") = "functions-example", "languages\csharp\01-foundations\functions\example\functions-example.csproj", "{828B57C5-6A13-E0AA-1062-F7BC6475F0D9}"
EndProject
Project("{2150E333-8FDC-42A3-9474-1A3956D46DE8}") = "operators-and-expressions", "operators-and-expressions", "{F637842B-DAF0-369D-8ADF-51D4EB9426D1}"
EndProject
Project("{2150E333-8FDC-42A3-9474-1A3956D46DE8}") = "example", "example", "{E47F5640-D57F-3C20-506E-5B531C9E5BE6}"
EndProject
Project("{FAE04EC0-301F-11D3-BF4B-00C04F79EFBC}") = "operators-and-expressions-example", "languages\csharp\01-foundations\operators-and-expressions\example\operators-and-expressions-example.csproj", "{B4585409-C905-4A28-6B2F-FEFD93CA5976}"
EndProject
Project("{2150E333-8FDC-42A3-9474-1A3956D46DE8}") = "scope-and-lifetime-basics", "scope-and-lifetime-basics", "{5749EF62-AB0C-AC08-C211-01CCBFD2FD03}"
EndProject
Project("{2150E333-8FDC-42A3-9474-1A3956D46DE8}") = "example", "example", "{D248ABE7-325B-54A8-75F8-981F26536B71}"
EndProject
Project("{FAE04EC0-301F-11D3-BF4B-00C04F79EFBC}") = "scope-and-lifetime-basics-example", "languages\csharp\01-foundations\scope-and-lifetime-basics\example\scope-and-lifetime-basics-example.csproj", "{CB55D7EC-5769-0DDB-943B-57D31E098BF8}"
EndProject
Project("{2150E333-8FDC-42A3-9474-1A3956D46DE8}") = "strings", "strings", "{2C0756B6-648E-6384-929C-7496374F26AB}"
EndProject
Project("{2150E333-8FDC-42A3-9474-1A3956D46DE8}") = "example", "example", "{04EFB33D-365A-669A-A770-ACA7A99FC209}"
EndProject
Project("{FAE04EC0-301F-11D3-BF4B-00C04F79EFBC}") = "strings-example", "languages\csharp\01-foundations\strings\example\strings-example.csproj", "{89E1A67A-7E43-D82A-345B-D505547E7495}"
EndProject
Project("{2150E333-8FDC-42A3-9474-1A3956D46DE8}") = "types-and-io", "types-and-io", "{8C19D539-973B-89C0-3328-226C823CE4B5}"
EndProject
Project("{2150E333-8FDC-42A3-9474-1A3956D46DE8}") = "example", "example", "{7EA90C4C-4340-1CAF-6B54-EB62774D5DCC}"
EndProject
Project("{FAE04EC0-301F-11D3-BF4B-00C04F79EFBC}") = "types-and-io-example", "languages\csharp\01-foundations\types-and-io\example\types-and-io-example.csproj", "{FF28F79A-5F52-80F8-465C-0B63D760A680}"
EndProject
Project("{2150E333-8FDC-42A3-9474-1A3956D46DE8}") = "02-core", "02-core", "{2805884D-0A97-29E3-73B4-8F77BD1F1DCC}"
EndProject
Project("{2150E333-8FDC-42A3-9474-1A3956D46DE8}") = "algorithms-basics", "algorithms-basics", "{3F81A1E5-1CA1-F090-DC53-EF745683A3C2}"
EndProject
Project("{2150E333-8FDC-42A3-9474-1A3956D46DE8}") = "example", "example", "{95E9AEBA-7434-6185-997C-70AA552DC18E}"
EndProject
Project("{FAE04EC0-301F-11D3-BF4B-00C04F79EFBC}") = "algorithms-basics-example", "languages\csharp\02-core\algorithms-basics\example\algorithms-basics-example.csproj", "{F8663647-8B65-0BC0-C241-2B038C86634E}"
EndProject
Project("{2150E333-8FDC-42A3-9474-1A3956D46DE8}") = "error-handling-and-defensive-programming", "error-handling-and-defensive-programming", "{C4F66307-8C66-5BC0-2D23-3BA30B8D8974}"
EndProject
Project("{2150E333-8FDC-42A3-9474-1A3956D46DE8}") = "example", "example", "{CC911AC0-1920-E4DB-8A92-50988C2BD286}"
EndProject
Project("{FAE04EC0-301F-11D3-BF4B-00C04F79EFBC}") = "error-handling-and-defensive-programming-example", "languages\csharp\02-core\error-handling-and-defensive-programming\example\error-handling-and-defensive-programming-example.csproj", "{878A00DE-33C3-A2DF-F157-B91A8646AEFC}"
EndProject
Project("{2150E333-8FDC-42A3-9474-1A3956D46DE8}") = "file-io-basics", "file-io-basics", "{D8B0DCC4-F884-3E2B-DBA0-30781F5E1018}"
EndProject
Project("{2150E333-8FDC-42A3-9474-1A3956D46DE8}") = "example", "example", "{17EF8F4F-ADAD-0F88-45C3-A17622EF3380}"
EndProject
Project("{FAE04EC0-301F-11D3-BF4B-00C04F79EFBC}") = "file-io-basics-example", "languages\csharp\02-core\file-io-basics\example\file-io-basics-example.csproj", "{750136D6-3A39-0B64-B3CE-6CEE2BC8E865}"
EndProject
Project("{2150E333-8FDC-42A3-9474-1A3956D46DE8}") = "input-validation", "input-validation", "{95E67C47-BF67-8CED-2F9A-E2B6E885FCDB}"
EndProject
Project("{2150E333-8FDC-42A3-9474-1A3956D46DE8}") = "example", "example", "{2D8BF4DD-E9E8-9027-CFF4-49FCA3F6DD80}"
EndProject
Project("{FAE04EC0-301F-11D3-BF4B-00C04F79EFBC}") = "input-validation-example", "languages\csharp\02-core\input-validation\example\input-validation-example.csproj", "{6B57D7E5-EBED-9F02-6F59-65ABE794D642}"
EndProject
Project("{2150E333-8FDC-42A3-9474-1A3956D46DE8}") = "maps-and-frequency-counting", "maps-and-frequency-counting", "{A416A5C5-7ECF-D845-F27A-8D3FA63A582A}"
EndProject
Project("{2150E333-8FDC-42A3-9474-1A3956D46DE8}") = "example", "example", "{F33D1BE3-1136-7339-1167-A7F1E57C98CA}"
EndProject
Project("{FAE04EC0-301F-11D3-BF4B-00C04F79EFBC}") = "maps-and-frequency-counting-example", "languages\csharp\02-core\maps-and-frequency-counting\example\maps-and-frequency-counting-example.csproj", "{EC3B1D44-459C-B412-95AE-A98F67E7348C}"
EndProject
Project("{2150E333-8FDC-42A3-9474-1A3956D46DE8}") = "sorting-and-searching", "sorting-and-searching", "{1E3C9B0B-CE21-BECC-F453-9E339897B8BF}"
EndProject
Project("{2150E333-8FDC-42A3-9474-1A3956D46DE8}") = "example", "example", "{D1171F06-A8D0-8EE7-D30F-848A70C9DA0C}"
EndProject
Project("{FAE04EC0-301F-11D3-BF4B-00C04F79EFBC}") = "sorting-and-searching-example", "languages\csharp\02-core\sorting-and-searching\example\sorting-and-searching-example.csproj", "{90B618F7-6820-70C6-E8E9-469C3489EE9F}"
EndProject
Project("{2150E333-8FDC-42A3-9474-1A3956D46DE8}") = "03-advanced", "03-advanced", "{898702CA-757B-FAEF-D6E8-757D9E5907EF}"
EndProject
Project("{2150E333-8FDC-42A3-9474-1A3956D46DE8}") = "constructors-and-invariants", "constructors-and-invariants", "{CDFCC107-5F84-7D78-EAAB-57F519AF172F}"
EndProject
Project("{2150E333-8FDC-42A3-9474-1A3956D46DE8}") = "example", "example", "{4AD1DF26-1D67-8DEE-7AD0-6E9F37854636}"
EndProject
Project("{FAE04EC0-301F-11D3-BF4B-00C04F79EFBC}") = "constructors-and-invariants-example", "languages\csharp\03-advanced\constructors-and-invariants\example\constructors-and-invariants-example.csproj", "{671ADFD8-C8FF-8E6E-858F-DEFCF9872B79}"
EndProject
Project("{2150E333-8FDC-42A3-9474-1A3956D46DE8}") = "copy-and-move-semantics", "copy-and-move-semantics", "{ED2D932F-7E83-7E69-6F0F-8219F1C798A3}"
EndProject
Project("{2150E333-8FDC-42A3-9474-1A3956D46DE8}") = "example", "example", "{36952316-22C8-00E2-1A18-425569302996}"
EndProject
Project("{FAE04EC0-301F-11D3-BF4B-00C04F79EFBC}") = "copy-and-move-semantics-example", "languages\csharp\03-advanced\copy-and-move-semantics\example\copy-and-move-semantics-example.csproj", "{7854ED8F-9DEA-52BD-C47C-B73D7F7C835A}"
EndProject
Project("{2150E333-8FDC-42A3-9474-1A3956D46DE8}") = "inheritance-and-polymorphism", "inheritance-and-polymorphism", "{C28A5982-B3F3-6007-6E52-D68909438036}"
EndProject
Project("{2150E333-8FDC-42A3-9474-1A3956D46DE8}") = "example", "example", "{B4F2233D-83DA-F9D3-4FBE-E4D501F8297F}"
EndProject
Project("{FAE04EC0-301F-11D3-BF4B-00C04F79EFBC}") = "inheritance-and-polymorphism-example", "languages\csharp\03-advanced\inheritance-and-polymorphism\example\inheritance-and-polymorphism-example.csproj", "{863DCF6A-9C06-F2BA-A92B-5B72C2A9B107}"
EndProject
Project("{2150E333-8FDC-42A3-9474-1A3956D46DE8}") = "structs-and-classes", "structs-and-classes", "{9FCE2BA0-B6A2-DD6E-EA0C-E2951B88EC48}"
EndProject
Project("{2150E333-8FDC-42A3-9474-1A3956D46DE8}") = "example", "example", "{665BD5D4-84B6-3CF1-33C0-A0942AAD29B7}"
EndProject
Project("{FAE04EC0-301F-11D3-BF4B-00C04F79EFBC}") = "structs-and-classes-example", "languages\csharp\03-advanced\structs-and-classes\example\structs-and-classes-example.csproj", "{137E1132-73EA-0C17-EA86-F4EDB80D78D8}"
EndProject
Project("{2150E333-8FDC-42A3-9474-1A3956D46DE8}") = "templates-basics", "templates-basics", "{8380D699-42F7-8267-6CF0-26A0E5D65D04}"
EndProject
Project("{2150E333-8FDC-42A3-9474-1A3956D46DE8}") = "example", "example", "{BA38DBE3-EC4F-AF60-2481-5687785E9230}"
EndProject
Project("{FAE04EC0-301F-11D3-BF4B-00C04F79EFBC}") = "templates-basics-example", "languages\csharp\03-advanced\templates-basics\example\templates-basics-example.csproj", "{F91B39A7-F73A-F25D-0E15-3607D1966FDC}"
EndProject
Global
	GlobalSection(SolutionConfigurationPlatforms) = preSolution
		Debug|Any CPU = Debug|Any CPU
		Release|Any CPU = Release|Any CPU
	EndGlobalSection
	GlobalSection(ProjectConfigurationPlatforms) = postSolution
		{1B857A5E-D758-7587-981F-22EA6B7EF65B}.Debug|Any CPU.ActiveCfg = Debug|Any CPU
		{1B857A5E-D758-7587-981F-22EA6B7EF65B}.Debug|Any CPU.Build.0 = Debug|Any CPU
		{1B857A5E-D758-7587-981F-22EA6B7EF65B}.Release|Any CPU.ActiveCfg = Release|Any CPU
		{1B857A5E-D758-7587-981F-22EA6B7EF65B}.Release|Any CPU.Build.0 = Release|Any CPU
		{D55CBC70-862E-6BA5-2B51-BC57FCFA7219}.Debug|Any CPU.ActiveCfg = Debug|Any CPU
		{D55CBC70-862E-6BA5-2B51-BC57FCFA7219}.Debug|Any CPU.Build.0 = Debug|Any CPU
		{D55CBC70-862E-6BA5-2B51-BC57FCFA7219}.Release|Any CPU.ActiveCfg = Release|Any CPU
		{D55CBC70-862E-6BA5-2B51-BC57FCFA7219}.Release|Any CPU.Build.0 = Release|Any CPU
		{05189A1C-299D-BACE-01BB-DBAE88068B8E}.Debug|Any CPU.ActiveCfg = Debug|Any CPU
		{05189A1C-299D-BACE-01BB-DBAE88068B8E}.Debug|Any CPU.Build.0 = Debug|Any CPU
		{05189A1C-299D-BACE-01BB-DBAE88068B8E}.Release|Any CPU.ActiveCfg = Release|Any CPU
		{05189A1C-299D-BACE-01BB-DBAE88068B8E}.Release|Any CPU.Build.0 = Release|Any CPU
		{0A45F106-D5D6-B286-F1B0-6A393F7A1A35}.Debug|Any CPU.ActiveCfg = Debug|Any CPU
		{0A45F106-D5D6-B286-F1B0-6A393F7A1A35}.Debug|Any CPU.Build.0 = Debug|Any CPU
		{0A45F106-D5D6-B286-F1B0-6A393F7A1A35}.Release|Any CPU.ActiveCfg = Release|Any CPU
		{0A45F106-D5D6-B286-F1B0-6A393F7A1A35}.Release|Any CPU.Build.0 = Release|Any CPU
		{B9CB2E88-0D8E-1779-18D4-BA5972025051}.Debug|Any CPU.ActiveCfg = Debug|Any CPU
		{B9CB2E88-0D8E-1779-18D4-BA5972025051}.Debug|Any CPU.Build.0 = Debug|Any CPU
		{B9CB2E88-0D8E-1779-18D4-BA5972025051}.Release|Any CPU.ActiveCfg = Release|Any CPU
		{B9CB2E88-0D8E-1779-18D4-BA5972025051}.Release|Any CPU.Build.0 = Release|Any CPU
		{CEEFF1A0-DD55-6203-33AB-DFB7C5ABAC50}.Debug|Any CPU.ActiveCfg = Debug|Any CPU
		{CEEFF1A0-DD55-6203-33AB-DFB7C5ABAC50}.Debug|Any CPU.Build.0 = Debug|Any CPU
		{CEEFF1A0-DD55-6203-33AB-DFB7C5ABAC50}.Release|Any CPU.ActiveCfg = Release|Any CPU
		{CEEFF1A0-DD55-6203-33AB-DFB7C5ABAC50}.Release|Any CPU.Build.0 = Release|Any CPU
		{C1455E34-8D83-1B51-F73B-8B04A86EE747}.Debug|Any CPU.ActiveCfg = Debug|Any CPU
		{C1455E34-8D83-1B51-F73B-8B04A86EE747}.Debug|Any CPU.Build.0 = Debug|Any CPU
		{C1455E34-8D83-1B51-F73B-8B04A86EE747}.Release|Any CPU.ActiveCfg = Release|Any CPU
		{C1455E34-8D83-1B51-F73B-8B04A86EE747}.Release|Any CPU.Build.0 = Release|Any CPU
		{828B57C5-6A13-E0AA-1062-F7BC6475F0D9}.Debug|Any CPU.ActiveCfg = Debug|Any CPU
		{828B57C5-6A13-E0AA-1062-F7BC6475F0D9}.Debug|Any CPU.Build.0 = Debug|Any CPU
		{828B57C5-6A13-E0AA-1062-F7BC6475F0D9}.Release|Any CPU.ActiveCfg = Release|Any CPU
		{828B57C5-6A13-E0AA-1062-F7BC6475F0D9}.Release|Any CPU.Build.0 = Release|Any CPU
		{B4585409-C905-4A28-6B2F-FEFD93CA5976}.Debug|Any CPU.ActiveCfg = Debug|Any CPU
		{B4585409-C905-4A28-6B2F-FEFD93CA5976}.Debug|Any CPU.Build.0 = Debug|Any CPU
		{B4585409-C905-4A28-6B2F-FEFD93CA5976}.Release|Any CPU.ActiveCfg = Release|Any CPU
		{B4585409-C905-4A28-6B2F-FEFD93CA5976}.Release|Any CPU.Build.0 = Release|Any CPU
		{CB55D7EC-5769-0DDB-943B-57D31E098BF8}.Debug|Any CPU.ActiveCfg = Debug|Any CPU
		{CB55D7EC-5769-0DDB-943B-57D31E098BF8}.Debug|Any CPU.Build.0 = Debug|Any CPU
		{CB55D7EC-5769-0DDB-943B-57D31E098BF8}.Release|Any CPU.ActiveCfg = Release|Any CPU
		{CB55D7EC-5769-0DDB-943B-57D31E098BF8}.Release|Any CPU.Build.0 = Release|Any CPU
		{89E1A67A-7E43-D82A-345B-D505547E7495}.Debug|Any CPU.ActiveCfg = Debug|Any CPU
		{89E1A67A-7E43-D82A-345B-D505547E7495}.Debug|Any CPU.Build.0 = Debug|Any CPU
		{89E1A67A-7E43-D82A-345B-D505547E7495}.Release|Any CPU.ActiveCfg = Release|Any CPU
		{89E1A67A-7E43-D82A-345B-D505547E7495}.Release|Any CPU.Build.0 = Release|Any CPU
		{FF28F79A-5F52-80F8-465C-0B63D760A680}.Debug|Any CPU.ActiveCfg = Debug|Any CPU
		{FF28F79A-5F52-80F8-465C-0B63D760A680}.Debug|Any CPU.Build.0 = Debug|Any CPU
		{FF28F79A-5F52-80F8-465C-0B63D760A680}.Release|Any CPU.ActiveCfg = Release|Any CPU
		{FF28F79A-5F52-80F8-465C-0B63D760A680}.Release|Any CPU.Build.0 = Release|Any CPU
		{F8663647-8B65-0BC0-C241-2B038C86634E}.Debug|Any CPU.ActiveCfg = Debug|Any CPU
		{F8663647-8B65-0BC0-C241-2B038C86634E}.Debug|Any CPU.Build.0 = Debug|Any CPU
		{F8663647-8B65-0BC0-C241-2B038C86634E}.Release|Any CPU.ActiveCfg = Release|Any CPU
		{F8663647-8B65-0BC0-C241-2B038C86634E}.Release|Any CPU.Build.0 = Release|Any CPU
		{878A00DE-33C3-A2DF-F157-B91A8646AEFC}.Debug|Any CPU.ActiveCfg = Debug|Any CPU
		{878A00DE-33C3-A2DF-F157-B91A8646AEFC}.Debug|Any CPU.Build.0 = Debug|Any CPU
		{878A00DE-33C3-A2DF-F157-B91A8646AEFC}.Release|Any CPU.ActiveCfg = Release|Any CPU
		{878A00DE-33C3-A2DF-F157-B91A8646AEFC}.Release|Any CPU.Build.0 = Release|Any CPU
		{750136D6-3A39-0B64-B3CE-6CEE2BC8E865}.Debug|Any CPU.ActiveCfg = Debug|Any CPU
		{750136D6-3A39-0B64-B3CE-6CEE2BC8E865}.Debug|Any CPU.Build.0 = Debug|Any CPU
		{750136D6-3A39-0B64-B3CE-6CEE2BC8E865}.Release|Any CPU.ActiveCfg = Release|Any CPU
		{750136D6-3A39-0B64-B3CE-6CEE2BC8E865}.Release|Any CPU.Build.0 = Release|Any CPU
		{6B57D7E5-EBED-9F02-6F59-65ABE794D642}.Debug|Any CPU.ActiveCfg = Debug|Any CPU
		{6B57D7E5-EBED-9F02-6F59-65ABE794D642}.Debug|Any CPU.Build.0 = Debug|Any CPU
		{6B57D7E5-EBED-9F02-6F59-65ABE794D642}.Release|Any CPU.ActiveCfg = Release|Any CPU
		{6B57D7E5-EBED-9F02-6F59-65ABE794D642}.Release|Any CPU.Build.0 = Release|Any CPU
		{EC3B1D44-459C-B412-95AE-A98F67E7348C}.Debug|Any CPU.ActiveCfg = Debug|Any CPU
		{EC3B1D44-459C-B412-95AE-A98F67E7348C}.Debug|Any CPU.Build.0 = Debug|Any CPU
		{EC3B1D44-459C-B412-95AE-A98F67E7348C}.Release|Any CPU.ActiveCfg = Release|Any CPU
		{EC3B1D44-459C-B412-95AE-A98F67E7348C}.Release|Any CPU.Build.0 = Release|Any CPU
		{90B618F7-6820-70C6-E8E9-469C3489EE9F}.Debug|Any CPU.ActiveCfg = Debug|Any CPU
		{90B618F7-6820-70C6-E8E9-469C3489EE9F}.Debug|Any CPU.Build.0 = Debug|Any CPU
		{90B618F7-6820-70C6-E8E9-469C3489EE9F}.Release|Any CPU.ActiveCfg = Release|Any CPU
		{90B618F7-6820-70C6-E8E9-469C3489EE9F}.Release|Any CPU.Build.0 = Release|Any CPU
		{671ADFD8-C8FF-8E6E-858F-DEFCF9872B79}.Debug|Any CPU.ActiveCfg = Debug|Any CPU
		{671ADFD8-C8FF-8E6E-858F-DEFCF9872B79}.Debug|Any CPU.Build.0 = Debug|Any CPU
		{671ADFD8-C8FF-8E6E-858F-DEFCF9872B79}.Release|Any CPU.ActiveCfg = Release|Any CPU
		{671ADFD8-C8FF-8E6E-858F-DEFCF9872B79}.Release|Any CPU.Build.0 = Release|Any CPU
		{7854ED8F-9DEA-52BD-C47C-B73D7F7C835A}.Debug|Any CPU.ActiveCfg = Debug|Any CPU
		{7854ED8F-9DEA-52BD-C47C-B73D7F7C835A}.Debug|Any CPU.Build.0 = Debug|Any CPU
		{7854ED8F-9DEA-52BD-C47C-B73D7F7C835A}.Release|Any CPU.ActiveCfg = Release|Any CPU
		{7854ED8F-9DEA-52BD-C47C-B73D7F7C835A}.Release|Any CPU.Build.0 = Release|Any CPU
		{863DCF6A-9C06-F2BA-A92B-5B72C2A9B107}.Debug|Any CPU.ActiveCfg = Debug|Any CPU
		{863DCF6A-9C06-F2BA-A92B-5B72C2A9B107}.Debug|Any CPU.Build.0 = Debug|Any CPU
		{863DCF6A-9C06-F2BA-A92B-5B72C2A9B107}.Release|Any CPU.ActiveCfg = Release|Any CPU
		{863DCF6A-9C06-F2BA-A92B-5B72C2A9B107}.Release|Any CPU.Build.0 = Release|Any CPU
		{137E1132-73EA-0C17-EA86-F4EDB80D78D8}.Debug|Any CPU.ActiveCfg = Debug|Any CPU
		{137E1132-73EA-0C17-EA86-F4EDB80D78D8}.Debug|Any CPU.Build.0 = Debug|Any CPU
		{137E1132-73EA-0C17-EA86-F4EDB80D78D8}.Release|Any CPU.ActiveCfg = Release|Any CPU
		{137E1132-73EA-0C17-EA86-F4EDB80D78D8}.Release|Any CPU.Build.0 = Release|Any CPU
		{F91B39A7-F73A-F25D-0E15-3607D1966FDC}.Debug|Any CPU.ActiveCfg = Debug|Any CPU
		{F91B39A7-F73A-F25D-0E15-3607D1966FDC}.Debug|Any CPU.Build.0 = Debug|Any CPU
		{F91B39A7-F73A-F25D-0E15-3607D1966FDC}.Release|Any CPU.ActiveCfg = Release|Any CPU
		{F91B39A7-F73A-F25D-0E15-3607D1966FDC}.Release|Any CPU.Build.0 = Release|Any CPU
	EndGlobalSection
	GlobalSection(SolutionProperties) = preSolution
		HideSolutionNode = FALSE
	EndGlobalSection
	GlobalSection(NestedProjects) = preSolution
		{683FD511-F176-D19A-2E84-A7FCEC12FB0B} = {1C2492E6-07D6-3755-945F-6FD68363DF81}
		{33A7EE0E-669E-BD5E-FDDF-BAA520339C75} = {683FD511-F176-D19A-2E84-A7FCEC12FB0B}
		{8A46C166-22E5-7381-4E98-242BDED4677B} = {33A7EE0E-669E-BD5E-FDDF-BAA520339C75}
		{1B857A5E-D758-7587-981F-22EA6B7EF65B} = {8A46C166-22E5-7381-4E98-242BDED4677B}
		{01223AB7-4A2D-FFB1-7523-10CCFFD662BD} = {33A7EE0E-669E-BD5E-FDDF-BAA520339C75}
		{D55CBC70-862E-6BA5-2B51-BC57FCFA7219} = {01223AB7-4A2D-FFB1-7523-10CCFFD662BD}
		{B319A21B-84DE-523B-A850-CF8E6A1C37CB} = {683FD511-F176-D19A-2E84-A7FCEC12FB0B}
		{A60AB712-B656-E8F1-2C25-3248B0791997} = {B319A21B-84DE-523B-A850-CF8E6A1C37CB}
		{05189A1C-299D-BACE-01BB-DBAE88068B8E} = {A60AB712-B656-E8F1-2C25-3248B0791997}
		{2643C9C3-F44A-BB51-E010-45A571C4C68A} = {B319A21B-84DE-523B-A850-CF8E6A1C37CB}
		{0A45F106-D5D6-B286-F1B0-6A393F7A1A35} = {2643C9C3-F44A-BB51-E010-45A571C4C68A}
		{8CA29FA3-3560-32E8-4D29-DFA723E019DF} = {683FD511-F176-D19A-2E84-A7FCEC12FB0B}
		{6061100D-A0FB-CE41-BFA3-520199F98DBF} = {8CA29FA3-3560-32E8-4D29-DFA723E019DF}
		{C9363CB3-9150-2E76-76FC-BB54D4953C17} = {6061100D-A0FB-CE41-BFA3-520199F98DBF}
		{B9CB2E88-0D8E-1779-18D4-BA5972025051} = {C9363CB3-9150-2E76-76FC-BB54D4953C17}
		{C70621F6-C194-6DE4-4553-1C57C253E962} = {8CA29FA3-3560-32E8-4D29-DFA723E019DF}
		{91834711-ABA5-0B23-D41A-7C5FF6BB5BB6} = {C70621F6-C194-6DE4-4553-1C57C253E962}
		{CEEFF1A0-DD55-6203-33AB-DFB7C5ABAC50} = {91834711-ABA5-0B23-D41A-7C5FF6BB5BB6}
		{50F263B8-3C68-7118-BC6B-FCF7EADD5E35} = {8CA29FA3-3560-32E8-4D29-DFA723E019DF}
		{9C3B6BEF-F703-1EAF-D3F3-117766ECD39A} = {50F263B8-3C68-7118-BC6B-FCF7EADD5E35}
		{C1455E34-8D83-1B51-F73B-8B04A86EE747} = {9C3B6BEF-F703-1EAF-D3F3-117766ECD39A}
		{E961FC49-6D81-1CAF-8688-812B26CA64B2} = {8CA29FA3-3560-32E8-4D29-DFA723E019DF}
		{D879E238-9707-843F-3E99-F5708BA7DC6F} = {E961FC49-6D81-1CAF-8688-812B26CA64B2}
		{828B57C5-6A13-E0AA-1062-F7BC6475F0D9} = {D879E238-9707-843F-3E99-F5708BA7DC6F}
		{F637842B-DAF0-369D-8ADF-51D4EB9426D1} = {8CA29FA3-3560-32E8-4D29-DFA723E019DF}
		{E47F5640-D57F-3C20-506E-5B531C9E5BE6} = {F637842B-DAF0-369D-8ADF-51D4EB9426D1}
		{B4585409-C905-4A28-6B2F-FEFD93CA5976} = {E47F5640-D57F-3C20-506E-5B531C9E5BE6}
		{5749EF62-AB0C-AC08-C211-01CCBFD2FD03} = {8CA29FA3-3560-32E8-4D29-DFA723E019DF}
		{D248ABE7-325B-54A8-75F8-981F26536B71} = {5749EF62-AB0C-AC08-C211-01CCBFD2FD03}
		{CB55D7EC-5769-0DDB-943B-57D31E098BF8} = {D248ABE7-325B-54A8-75F8-981F26536B71}
		{2C0756B6-648E-6384-929C-7496374F26AB} = {8CA29FA3-3560-32E8-4D29-DFA723E019DF}
		{04EFB33D-365A-669A-A770-ACA7A99FC209} = {2C0756B6-648E-6384-929C-7496374F26AB}
		{89E1A67A-7E43-D82A-345B-D505547E7495} = {04EFB33D-365A-669A-A770-ACA7A99FC209}
		{8C19D539-973B-89C0-3328-226C823CE4B5} = {8CA29FA3-3560-32E8-4D29-DFA723E019DF}
		{7EA90C4C-4340-1CAF-6B54-EB62774D5DCC} = {8C19D539-973B-89C0-3328-226C823CE4B5}
		{FF28F79A-5F52-80F8-465C-0B63D760A680} = {7EA90C4C-4340-1CAF-6B54-EB62774D5DCC}
		{2805884D-0A97-29E3-73B4-8F77BD1F1DCC} = {683FD511-F176-D19A-2E84-A7FCEC12FB0B}
		{3F81A1E5-1CA1-F090-DC53-EF745683A3C2} = {2805884D-0A97-29E3-73B4-8F77BD1F1DCC}
		{95E9AEBA-7434-6185-997C-70AA552DC18E} = {3F81A1E5-1CA1-F090-DC53-EF745683A3C2}
		{F8663647-8B65-0BC0-C241-2B038C86634E} = {95E9AEBA-7434-6185-997C-70AA552DC18E}
		{C4F66307-8C66-5BC0-2D23-3BA30B8D8974} = {2805884D-0A97-29E3-73B4-8F77BD1F1DCC}
		{CC911AC0-1920-E4DB-8A92-50988C2BD286} = {C4F66307-8C66-5BC0-2D23-3BA30B8D8974}
		{878A00DE-33C3-A2DF-F157-B91A8646AEFC} = {CC911AC0-1920-E4DB-8A92-50988C2BD286}
		{D8B0DCC4-F884-3E2B-DBA0-30781F5E1018} = {2805884D-0A97-29E3-73B4-8F77BD1F1DCC}
		{17EF8F4F-ADAD-0F88-45C3-A17622EF3380} = {D8B0DCC4-F884-3E2B-DBA0-30781F5E1018}
		{750136D6-3A39-0B64-B3CE-6CEE2BC8E865} = {17EF8F4F-ADAD-0F88-45C3-A17622EF3380}
		{95E67C47-BF67-8CED-2F9A-E2B6E885FCDB} = {2805884D-0A97-29E3-73B4-8F77BD1F1DCC}
		{2D8BF4DD-E9E8-9027-CFF4-49FCA3F6DD80} = {95E67C47-BF67-8CED-2F9A-E2B6E885FCDB}
		{6B57D7E5-EBED-9F02-6F59-65ABE794D642} = {2D8BF4DD-E9E8-9027-CFF4-49FCA3F6DD80}
		{A416A5C5-7ECF-D845-F27A-8D3FA63A582A} = {2805884D-0A97-29E3-73B4-8F77BD1F1DCC}
		{F33D1BE3-1136-7339-1167-A7F1E57C98CA} = {A416A5C5-7ECF-D845-F27A-8D3FA63A582A}
		{EC3B1D44-459C-B412-95AE-A98F67E7348C} = {F33D1BE3-1136-7339-1167-A7F1E57C98CA}
		{1E3C9B0B-CE21-BECC-F453-9E339897B8BF} = {2805884D-0A97-29E3-73B4-8F77BD1F1DCC}
		{D1171F06-A8D0-8EE7-D30F-848A70C9DA0C} = {1E3C9B0B-CE21-BECC-F453-9E339897B8BF}
		{90B618F7-6820-70C6-E8E9-469C3489EE9F} = {D1171F06-A8D0-8EE7-D30F-848A70C9DA0C}
		{898702CA-757B-FAEF-D6E8-757D9E5907EF} = {683FD511-F176-D19A-2E84-A7FCEC12FB0B}
		{CDFCC107-5F84-7D78-EAAB-57F519AF172F} = {898702CA-757B-FAEF-D6E8-757D9E5907EF}
		{4AD1DF26-1D67-8DEE-7AD0-6E9F37854636} = {CDFCC107-5F84-7D78-EAAB-57F519AF172F}
		{671ADFD8-C8FF-8E6E-858F-DEFCF9872B79} = {4AD1DF26-1D67-8DEE-7AD0-6E9F37854636}
		{ED2D932F-7E83-7E69-6F0F-8219F1C798A3} = {898702CA-757B-FAEF-D6E8-757D9E5907EF}
		{36952316-22C8-00E2-1A18-425569302996} = {ED2D932F-7E83-7E69-6F0F-8219F1C798A3}
		{7854ED8F-9DEA-52BD-C47C-B73D7F7C835A} = {36952316-22C8-00E2-1A18-425569302996}
		{C28A5982-B3F3-6007-6E52-D68909438036} = {898702CA-757B-FAEF-D6E8-757D9E5907EF}
		{B4F2233D-83DA-F9D3-4FBE-E4D501F8297F} = {C28A5982-B3F3-6007-6E52-D68909438036}
		{863DCF6A-9C06-F2BA-A92B-5B72C2A9B107} = {B4F2233D-83DA-F9D3-4FBE-E4D501F8297F}
		{9FCE2BA0-B6A2-DD6E-EA0C-E2951B88EC48} = {898702CA-757B-FAEF-D6E8-757D9E5907EF}
		{665BD5D4-84B6-3CF1-33C0-A0942AAD29B7} = {9FCE2BA0-B6A2-DD6E-EA0C-E2951B88EC48}
		{137E1132-73EA-0C17-EA86-F4EDB80D78D8} = {665BD5D4-84B6-3CF1-33C0-A0942AAD29B7}
		{8380D699-42F7-8267-6CF0-26A0E5D65D04} = {898702CA-757B-FAEF-D6E8-757D9E5907EF}
		{BA38DBE3-EC4F-AF60-2481-5687785E9230} = {8380D699-42F7-8267-6CF0-26A0E5D65D04}
		{F91B39A7-F73A-F25D-0E15-3607D1966FDC} = {BA38DBE3-EC4F-AF60-2481-5687785E9230}
	EndGlobalSection
	GlobalSection(ExtensibilityGlobals) = postSolution
		SolutionGuid = {F476AA22-39AB-4B6D-AFE6-90000E9B81EE}
	EndGlobalSection
EndGlobal
